1_All_Genes-1_get_biomaRt_GeneAttribute_files:
  cmd: Rscript 1_All_Genes/1_get_biomaRt_GeneAttribute_files.R
  deps:
  - path: 1_All_Genes/1_get_biomaRt_GeneAttribute_files.R
    md5: 1831f4a4a674f1a1c6b976990fcd42fd
  - path: species.txt
    md5: abb45641dc620729ce2e11ab39001fb4
  outs:
  - path: 1_All_Genes/1_BioMart_gene_attributes/
    md5: aac5dd64be2e28b2d3164527e8f1a98b.dir
1_All_Genes-2_get_biomaRt_GO_files:
  cmd: Rscript 1_All_Genes/2_get_biomaRt_GO_files.R
  deps:
  - path: 1_All_Genes/2_get_biomaRt_GO_files.R
    md5: 01323996631ffeb43c2cad742a3afdbf
  - path: species.txt
    md5: abb45641dc620729ce2e11ab39001fb4
  outs:
  - path: 1_All_Genes/2_BioMart_GO_attributes
    md5: 0005c22a6c8cf97a28a333ecddabc683.dir
1_All_Genes-3_processAllPCfile_with-scaffolds:
  cmd: perl 1_All_Genes/3_processAllPCfile_with-scaffolds.pl
  deps:
  - path: 1_All_Genes/1_BioMart_gene_attributes
    md5: aac5dd64be2e28b2d3164527e8f1a98b.dir
  - path: 1_All_Genes/2_BioMart_GO_attributes
    md5: 0005c22a6c8cf97a28a333ecddabc683.dir
  - path: 1_All_Genes/3_processAllPCfile_with-scaffolds.pl
    md5: ea2788e5f39ce219a6d85bc5145b0257
  outs:
  - path: 1_All_Genes/3_Prepare_final_gene_files_all-scaffolds
    md5: ac561ca9278b621d3785dc97d48f6350.dir
